<?xml version="1.0" encoding="utf-8"?>
<Project ToolsVersion="4.0" xmlns="http://schemas.microsoft.com/developer/msbuild/2003">
  <ItemGroup>
    <FxCompile Include="Source\shadersystem\phong\PhongNormalMapOS_PS.hlsl" />
    <FxCompile Include="Source\shadersystem\phong\PhongNormalMap_PS.hlsl" />
    <FxCompile Include="Source\shadersystem\phong\PhongNormalMap_VS.hlsl" />
    <FxCompile Include="Source\shadersystem\phong\Phong_PS.hlsl" />
    <FxCompile Include="Source\shadersystem\phong\Phong_VS.hlsl" />
    <FxCompile Include="Source\shadersystem\SolidTexture_PS.hlsl" />
    <FxCompile Include="Source\shadersystem\Solid_VS.hlsl" />
    <FxCompile Include="Source\shadersystem\phong\PhongSpecular_PS.hlsl" />
    <FxCompile Include="Source\shadersystem\Texture_PS.hlsl" />
    <FxCompile Include="Source\shadersystem\Texture_VS.hlsl" />
    <FxCompile Include="Source\shadersystem\SolidTexture_VS.hlsl" />
    <FxCompile Include="Source\shadersystem\phong\PhongSpecular_SolidColor_PS.hlsl" />
    <FxCompile Include="Source\shadersystem\phong\PhongEverything_PS.hlsl" />
    <FxCompile Include="Source\shadersystem\Sprite_VS.hlsl" />
    <FxCompile Include="Source\shadersystem\Solid_PS.hlsl" />
  </ItemGroup>
  <ItemGroup>
    <ClCompile Include="Source\engine_audio\sound_outp.cpp" />
    <ClCompile Include="Source\engine_tier0\BaseBind.cpp" />
    <ClCompile Include="Source\engine_tier0\DXGIInfoManager.cpp" />
    <ClCompile Include="Source\engine_tier0\Exceptions.cpp" />
    <ClCompile Include="Source\engine_tier0\Startup.cpp" />
    <ClCompile Include="Source\engine_tier1\Camera.cpp" />
    <ClCompile Include="Source\engine_tier1\dxprim\draw\BaseDraw.cpp" />
    <ClCompile Include="Source\engine_tier1\dxprim\draw\SolidSphere.cpp" />
    <ClCompile Include="Source\engine_tier1\dxprim\draw\test_plane.cpp" />
    <ClCompile Include="Source\engine_tier1\dxprim\IndexBuffer.cpp" />
    <ClCompile Include="Source\engine_tier1\dxprim\InputLayout.cpp" />
    <ClCompile Include="Source\engine_tier1\dxprim\Sampler.cpp" />
    <ClCompile Include="Source\engine_tier1\dxprim\Shaders.cpp" />
    <ClCompile Include="Source\engine_tier1\dxprim\Texture.cpp" />
    <ClCompile Include="Source\engine_tier1\dxprim\Topology.cpp" />
    <ClCompile Include="Source\engine_tier1\dxprim\TransformConstBuffer.cpp" />
    <ClCompile Include="Source\engine_tier1\dxprim\trans_const_pbuffer.cpp" />
    <ClCompile Include="Source\engine_tier1\dxprim\VertexBuffer.cpp" />
    <ClCompile Include="Source\engine_tier1\GraphicalOutput.cpp" />
    <ClCompile Include="Source\engine_tier1\LightPoint.cpp" />
    <ClCompile Include="Source\engine_tier1\matrix.cpp" />
    <ClCompile Include="Source\engine_tier1\Surface.cpp" />
    <ClCompile Include="Source\engine_tier1\vertex_layout.cpp" />
    <ClCompile Include="Source\engine_ui\console.cpp" />
    <ClCompile Include="Source\imguihlp.cpp" />
    <ClCompile Include="Source\imgui\imgui.cpp" />
    <ClCompile Include="Source\imgui\imgui_demo.cpp" />
    <ClCompile Include="Source\imgui\imgui_draw.cpp" />
    <ClCompile Include="Source\imgui\imgui_impl_dx11.cpp" />
    <ClCompile Include="Source\imgui\imgui_impl_win32.cpp" />
    <ClCompile Include="Source\imgui\imgui_tables.cpp" />
    <ClCompile Include="Source\imgui\imgui_widgets.cpp" />
    <ClCompile Include="Source\engine_tier1\dxprim\blender.cpp" />
    <ClCompile Include="Source\engine_tier1\render\Model.cpp" />
    <ClCompile Include="Source\engine_tier1\render\sprite.cpp" />
    <ClCompile Include="Source\engine_tier1\dxprim\rasterize.cpp" />
    <ClCompile Include="Source\engine_tier1\path.cpp" />
  </ItemGroup>
  <ItemGroup>
    <ClInclude Include="Source\engine_audio\SoundOutput.h" />
    <ClInclude Include="Source\engine_tier0\BaseBind.h" />
    <ClInclude Include="Source\engine_tier0\BasePrimitiveObject.h" />
    <ClInclude Include="Source\engine_tier0\ComPtr.h" />
    <ClInclude Include="Source\engine_tier0\DLL.h" />
    <ClInclude Include="Source\engine_tier0\DXGIInfoManager.h" />
    <ClInclude Include="Source\engine_tier0\Exceptions.h" />
    <ClInclude Include="Source\engine_tier0\_Math.h" />
    <ClInclude Include="Source\engine_tier1\BindableCodex.h" />
    <ClInclude Include="Source\engine_tier1\Camera.h" />
    <ClInclude Include="Source\engine_tier1\dxprim\fwd.h" />
    <ClInclude Include="Source\engine_tier1\dxprim\ConstantBuffer.h" />
    <ClInclude Include="Source\engine_tier1\dxprim\draw\BaseDraw.h" />
    <ClInclude Include="Source\engine_tier1\dxprim\draw\BaseMiddlewareDraw.h" />
    <ClInclude Include="Source\engine_tier1\dxprim\draw\SolidSphere.h" />
    <ClInclude Include="Source\engine_tier1\dxprim\draw\TestPlane.h" />
    <ClInclude Include="Source\engine_tier1\dxprim\geometry\IndexedTriangleList.h" />
    <ClInclude Include="Source\engine_tier1\dxprim\geometry\Plane.h" />
    <ClInclude Include="Source\engine_tier1\dxprim\geometry\Sphere.h" />
    <ClInclude Include="Source\engine_tier1\dxprim\IndexBuffer.h" />
    <ClInclude Include="Source\engine_tier1\dxprim\InputLayout.h" />
    <ClInclude Include="Source\engine_tier1\dxprim\Sampler.h" />
    <ClInclude Include="Source\engine_tier1\dxprim\Shaders.h" />
    <ClInclude Include="Source\engine_tier1\dxprim\Texture.h" />
    <ClInclude Include="Source\engine_tier1\dxprim\Topology.h" />
    <ClInclude Include="Source\engine_tier1\dxprim\TransformConstBuffer.h" />
    <ClInclude Include="Source\engine_tier1\dxprim\TransformConstPixelBuffer.h" />
    <ClInclude Include="Source\engine_tier1\dxprim\VertexBuffer.h" />
    <ClInclude Include="Source\engine_tier1\dxprim\Viewport.h" />
    <ClInclude Include="Source\engine_tier1\GraphicalOutput.h" />
    <ClInclude Include="Source\engine_tier1\LightPoint.h" />
    <ClInclude Include="Source\engine_tier1\matrix.h" />
    <ClInclude Include="Source\engine_tier1\Model.h" />
    <ClInclude Include="Source\engine_tier1\Surface.h" />
    <ClInclude Include="Source\engine_tier1\VertexLayout.h" />
    <ClInclude Include="Source\engine_ui\Console.h" />
    <ClInclude Include="Source\imguihlp.h" />
    <ClInclude Include="Source\imgui\imconfig.h" />
    <ClInclude Include="Source\imgui\imgui.h" />
    <ClInclude Include="Source\imgui\imgui_impl_dx11.h" />
    <ClInclude Include="Source\imgui\imgui_impl_win32.h" />
    <ClInclude Include="Source\imgui\imgui_internal.h" />
    <ClInclude Include="Source\imgui\imstb_rectpack.h" />
    <ClInclude Include="Source\imgui\imstb_textedit.h" />
    <ClInclude Include="Source\imgui\imstb_truetype.h" />
    <ClInclude Include="Source\engine_tier1\dxprim\Blender.h" />
    <ClInclude Include="Source\engine_tier1\render\Model.h" />
    <ClInclude Include="Source\engine_tier1\render\Sprite.h" />
    <ClInclude Include="Source\engine_tier1\dxprim\Rasterizer.h" />
    <ClInclude Include="Source\engine_tier1\Path.h" />
    <ClInclude Include="Source\engine_tier1\Frustum.h" />
  </ItemGroup>
  <ItemGroup>
    <None Include=".clang-format" />
    <None Include="Source\shadersystem\phong\PhongBase.hlsli" />
  </ItemGroup>
</Project>